// !$*UTF8*$!
{
	archiveVersion = 1;
	classes = {
	};
	objectVersion = 50;
	objects = {

/* Begin PBXBuildFile section */
		728093CE2628B3E900B6AE73 /* AppDelegate.swift in Sources */ = {isa = PBXBuildFile; fileRef = 728093CD2628B3E900B6AE73 /* AppDelegate.swift */; };
		728093D02628B3E900B6AE73 /* SceneDelegate.swift in Sources */ = {isa = PBXBuildFile; fileRef = 728093CF2628B3E900B6AE73 /* SceneDelegate.swift */; };
		728093D22628B3E900B6AE73 /* ViewController.swift in Sources */ = {isa = PBXBuildFile; fileRef = 728093D12628B3E900B6AE73 /* ViewController.swift */; };
		728093D52628B3E900B6AE73 /* Main.storyboard in Resources */ = {isa = PBXBuildFile; fileRef = 728093D32628B3E900B6AE73 /* Main.storyboard */; };
		728093D72628B3EE00B6AE73 /* Assets.xcassets in Resources */ = {isa = PBXBuildFile; fileRef = 728093D62628B3EE00B6AE73 /* Assets.xcassets */; };
		728093DA2628B3EE00B6AE73 /* LaunchScreen.storyboard in Resources */ = {isa = PBXBuildFile; fileRef = 728093D82628B3EE00B6AE73 /* LaunchScreen.storyboard */; };
		728093E52628B3EF00B6AE73 /* Program4Tests.swift in Sources */ = {isa = PBXBuildFile; fileRef = 728093E42628B3EF00B6AE73 /* Program4Tests.swift */; };
		728093F02628B3EF00B6AE73 /* Program4UITests.swift in Sources */ = {isa = PBXBuildFile; fileRef = 728093EF2628B3EF00B6AE73 /* Program4UITests.swift */; };
		728094012628B99900B6AE73 /* SecondviewController.swift in Sources */ = {isa = PBXBuildFile; fileRef = 728094002628B99900B6AE73 /* SecondviewController.swift */; };
/* End PBXBuildFile section */

/* Begin PBXContainerItemProxy section */
		728093E12628B3EF00B6AE73 /* PBXContainerItemProxy */ = {
			isa = PBXContainerItemProxy;
			containerPortal = 728093C22628B3E900B6AE73 /* Project object */;
			proxyType = 1;
			remoteGlobalIDString = 728093C92628B3E900B6AE73;
			remoteInfo = Program4;
		};
		728093EC2628B3EF00B6AE73 /* PBXContainerItemProxy */ = {
			isa = PBXContainerItemProxy;
			containerPortal = 728093C22628B3E900B6AE73 /* Project object */;
			proxyType = 1;
			remoteGlobalIDString = 728093C92628B3E900B6AE73;
			remoteInfo = Program4;
		};
/* End PBXContainerItemProxy section */

/* Begin PBXFileReference section */
		728093CA2628B3E900B6AE73 /* Program4.app */ = {isa = PBXFileReference; explicitFileType = wrapper.application; includeInIndex = 0; path = Program4.app; sourceTree = BUILT_PRODUCTS_DIR; };
		728093CD2628B3E900B6AE73 /* AppDelegate.swift */ = {isa = PBXFileReference; lastKnownFileType = sourcecode.swift; path = AppDelegate.swift; sourceTree = "<group>"; };
		728093CF2628B3E900B6AE73 /* SceneDelegate.swift */ = {isa = PBXFileReference; lastKnownFileType = sourcecode.swift; path = SceneDelegate.swift; sourceTree = "<group>"; };
		728093D12628B3E900B6AE73 /* ViewController.swift */ = {isa = PBXFileReference; lastKnownFileType = sourcecode.swift; path = ViewController.swift; sourceTree = "<group>"; };
		728093D42628B3E900B6AE73 /* Base */ = {isa = PBXFileReference; lastKnownFileType = file.storyboard; name = Base; path = Base.lproj/Main.storyboard; sourceTree = "<group>"; };
		728093D62628B3EE00B6AE73 /* Assets.xcassets */ = {isa = PBXFileReference; lastKnownFileType = folder.assetcatalog; path = Assets.xcassets; sourceTree = "<group>"; };
		728093D92628B3EE00B6AE73 /* Base */ = {isa = PBXFileReference; lastKnownFileType = file.storyboard; name = Base; path = Base.lproj/LaunchScreen.storyboard; sourceTree = "<group>"; };
		728093DB2628B3EE00B6AE73 /* Info.plist */ = {isa = PBXFileReference; lastKnownFileType = text.plist.xml; path = Info.plist; sourceTree = "<group>"; };
		728093E02628B3EF00B6AE73 /* Program4Tests.xctest */ = {isa = PBXFileReference; explicitFileType = wrapper.cfbundle; includeInIndex = 0; path = Program4Tests.xctest; sourceTree = BUILT_PRODUCTS_DIR; };
		728093E42628B3EF00B6AE73 /* Program4Tests.swift */ = {isa = PBXFileReference; lastKnownFileType = sourcecode.swift; path = Program4Tests.swift; sourceTree = "<group>"; };
		728093E62628B3EF00B6AE73 /* Info.plist */ = {isa = PBXFileReference; lastKnownFileType = text.plist.xml; path = Info.plist; sourceTree = "<group>"; };
		728093EB2628B3EF00B6AE73 /* Program4UITests.xctest */ = {isa = PBXFileReference; explicitFileType = wrapper.cfbundle; includeInIndex = 0; path = Program4UITests.xctest; sourceTree = BUILT_PRODUCTS_DIR; };
		728093EF2628B3EF00B6AE73 /* Program4UITests.swift */ = {isa = PBXFileReference; lastKnownFileType = sourcecode.swift; path = Program4UITests.swift; sourceTree = "<group>"; };
		728093F12628B3EF00B6AE73 /* Info.plist */ = {isa = PBXFileReference; lastKnownFileType = text.plist.xml; path = Info.plist; sourceTree = "<group>"; };
		728094002628B99900B6AE73 /* SecondviewController.swift */ = {isa = PBXFileReference; lastKnownFileType = sourcecode.swift; path = SecondviewController.swift; sourceTree = "<group>"; };
/* End PBXFileReference section */

/* Begin PBXFrameworksBuildPhase section */
		728093C72628B3E900B6AE73 /* Frameworks */ = {
			isa = PBXFrameworksBuildPhase;
			buildActionMask = 2147483647;
			files = (
			);
			runOnlyForDeploymentPostprocessing = 0;
		};
		728093DD2628B3EF00B6AE73 /* Frameworks */ = {
			isa = PBXFrameworksBuildPhase;
			buildActionMask = 2147483647;
			files = (
			);
			runOnlyForDeploymentPostprocessing = 0;
		};
		728093E82628B3EF00B6AE73 /* Frameworks */ = {
			isa = PBXFrameworksBuildPhase;
			buildActionMask = 2147483647;
			files = (
			);
			runOnlyForDeploymentPostprocessing = 0;
		};
/* End PBXFrameworksBuildPhase section */

/* Begin PBXGroup section */
		728093C12628B3E900B6AE73 = {
			isa = PBXGroup;
			children = (
				728093CC2628B3E900B6AE73 /* Program4 */,
				728093E32628B3EF00B6AE73 /* Program4Tests */,
				728093EE2628B3EF00B6AE73 /* Program4UITests */,
				728093CB2628B3E900B6AE73 /* Products */,
			);
			sourceTree = "<group>";
		};
		728093CB2628B3E900B6AE73 /* Products */ = {
			isa = PBXGroup;
			children = (
				728093CA2628B3E900B6AE73 /* Program4.app */,
				728093E02628B3EF00B6AE73 /* Program4Tests.xctest */,
				728093EB2628B3EF00B6AE73 /* Program4UITests.xctest */,
			);
			name = Products;
			sourceTree = "<group>";
		};
		728093CC2628B3E900B6AE73 /* Program4 */ = {
			isa = PBXGroup;
			children = (
				728093CD2628B3E900B6AE73 /* AppDelegate.swift */,
				728093CF2628B3E900B6AE73 /* SceneDelegate.swift */,
				728093D12628B3E900B6AE73 /* ViewController.swift */,
				728093D32628B3E900B6AE73 /* Main.storyboard */,
				728094002628B99900B6AE73 /* SecondviewController.swift */,
				728093D62628B3EE00B6AE73 /* Assets.xcassets */,
				728093D82628B3EE00B6AE73 /* LaunchScreen.storyboard */,
				728093DB2628B3EE00B6AE73 /* Info.plist */,
			);
			path = Program4;
			sourceTree = "<group>";
		};
		728093E32628B3EF00B6AE73 /* Program4Tests */ = {
			isa = PBXGroup;
			children = (
				728093E42628B3EF00B6AE73 /* Program4Tests.swift */,
				728093E62628B3EF00B6AE73 /* Info.plist */,
			);
			path = Program4Tests;
			sourceTree = "<group>";
		};
		728093EE2628B3EF00B6AE73 /* Program4UITests */ = {
			isa = PBXGroup;
			children = (
				728093EF2628B3EF00B6AE73 /* Program4UITests.swift */,
				728093F12628B3EF00B6AE73 /* Info.plist */,
			);
			path = Program4UITests;
			sourceTree = "<group>";
		};
/* End PBXGroup section */

/* Begin PBXNativeTarget section */
		728093C92628B3E900B6AE73 /* Program4 */ = {
			isa = PBXNativeTarget;
			buildConfigurationList = 728093F42628B3EF00B6AE73 /* Build configuration list for PBXNativeTarget "Program4" */;
			buildPhases = (
				728093C62628B3E900B6AE73 /* Sources */,
				728093C72628B3E900B6AE73 /* Frameworks */,
				728093C82628B3E900B6AE73 /* Resources */,
			);
			buildRules = (
			);
			dependencies = (
			);
			name = Program4;
			productName = Program4;
			productReference = 728093CA2628B3E900B6AE73 /* Program4.app */;
			productType = "com.apple.product-type.application";
		};
		728093DF2628B3EF00B6AE73 /* Program4Tests */ = {
			isa = PBXNativeTarget;
			buildConfigurationList = 728093F72628B3EF00B6AE73 /* Build configuration list for PBXNativeTarget "Program4Tests" */;
			buildPhases = (
				728093DC2628B3EF00B6AE73 /* Sources */,
				728093DD2628B3EF00B6AE73 /* Frameworks */,
				728093DE2628B3EF00B6AE73 /* Resources */,
			);
			buildRules = (
			);
			dependencies = (
				728093E22628B3EF00B6AE73 /* PBXTargetDependency */,
			);
			name = Program4Tests;
			productName = Program4Tests;
			productReference = 728093E02628B3EF00B6AE73 /* Program4Tests.xctest */;
			productType = "com.apple.product-type.bundle.unit-test";
		};
		728093EA2628B3EF00B6AE73 /* Program4UITests */ = {
			isa = PBXNativeTarget;
			buildConfigurationList = 728093FA2628B3EF00B6AE73 /* Build configuration list for PBXNativeTarget "Program4UITests" */;
			buildPhases = (
				728093E72628B3EF00B6AE73 /* Sources */,
				728093E82628B3EF00B6AE73 /* Frameworks */,
				728093E92628B3EF00B6AE73 /* Resources */,
			);
			buildRules = (
			);
			dependencies = (
				728093ED2628B3EF00B6AE73 /* PBXTargetDependency */,
			);
			name = Program4UITests;
			productName = Program4UITests;
			productReference = 728093EB2628B3EF00B6AE73 /* Program4UITests.xctest */;
			productType = "com.apple.product-type.bundle.ui-testing";
		};
/* End PBXNativeTarget section */

/* Begin PBXProject section */
		728093C22628B3E900B6AE73 /* Project object */ = {
			isa = PBXProject;
			attributes = {
				LastSwiftUpdateCheck = 1240;
				LastUpgradeCheck = 1240;
				TargetAttributes = {
					728093C92628B3E900B6AE73 = {
						CreatedOnToolsVersion = 12.4;
					};
					728093DF2628B3EF00B6AE73 = {
						CreatedOnToolsVersion = 12.4;
						TestTargetID = 728093C92628B3E900B6AE73;
					};
					728093EA2628B3EF00B6AE73 = {
						CreatedOnToolsVersion = 12.4;
						TestTargetID = 728093C92628B3E900B6AE73;
					};
				};
			};
			buildConfigurationList = 728093C52628B3E900B6AE73 /* Build configuration list for PBXProject "Program4" */;
			compatibilityVersion = "Xcode 9.3";
			developmentRegion = en;
			hasScannedForEncodings = 0;
			knownRegions = (
				en,
				Base,
			);
			mainGroup = 728093C12628B3E900B6AE73;
			productRefGroup = 728093CB2628B3E900B6AE73 /* Products */;
			projectDirPath = "";
			projectRoot = "";
			targets = (
				728093C92628B3E900B6AE73 /* Program4 */,
				728093DF2628B3EF00B6AE73 /* Program4Tests */,
				728093EA2628B3EF00B6AE73 /* Program4UITests */,
			);
		};
/* End PBXProject section */

/* Begin PBXResourcesBuildPhase section */
		728093C82628B3E900B6AE73 /* Resources */ = {
			isa = PBXResourcesBuildPhase;
			buildActionMask = 2147483647;
			files = (
				728093DA2628B3EE00B6AE73 /* LaunchScreen.storyboard in Resources */,
				728093D72628B3EE00B6AE73 /* Assets.xcassets in Resources */,
				728093D52628B3E900B6AE73 /* Main.storyboard in Resources */,
			);
			runOnlyForDeploymentPostprocessing = 0;
		};
		728093DE2628B3EF00B6AE73 /* Resources */ = {
			isa = PBXResourcesBuildPhase;
			buildActionMask = 2147483647;
			files = (
			);
			runOnlyForDeploymentPostprocessing = 0;
		};
		728093E92628B3EF00B6AE73 /* Resources */ = {
			isa = PBXResourcesBuildPhase;
			buildActionMask = 2147483647;
			files = (
			);
			runOnlyForDeploymentPostprocessing = 0;
		};
/* End PBXResourcesBuildPhase section */

/* Begin PBXSourcesBuildPhase section */
		728093C62628B3E900B6AE73 /* Sources */ = {
			isa = PBXSourcesBuildPhase;
			buildActionMask = 2147483647;
			files = (
				728094012628B99900B6AE73 /* SecondviewController.swift in Sources */,
				728093D22628B3E900B6AE73 /* ViewController.swift in Sources */,
				728093CE2628B3E900B6AE73 /* AppDelegate.swift in Sources */,
				728093D02628B3E900B6AE73 /* SceneDelegate.swift in Sources */,
			);
			runOnlyForDeploymentPostprocessing = 0;
		};
		728093DC2628B3EF00B6AE73 /* Sources */ = {
			isa = PBXSourcesBuildPhase;
			buildActionMask = 2147483647;
			files = (
				728093E52628B3EF00B6AE73 /* Program4Tests.swift in Sources */,
			);
			runOnlyForDeploymentPostprocessing = 0;
		};
		728093E72628B3EF00B6AE73 /* Sources */ = {
			isa = PBXSourcesBuildPhase;
			buildActionMask = 2147483647;
			files = (
				728093F02628B3EF00B6AE73 /* Program4UITests.swift in Sources */,
			);
			runOnlyForDeploymentPostprocessing = 0;
		};
/* End PBXSourcesBuildPhase section */

/* Begin PBXTargetDependency section */
		728093E22628B3EF00B6AE73 /* PBXTargetDependency */ = {
			isa = PBXTargetDependency;
			target = 728093C92628B3E900B6AE73 /* Program4 */;
			targetProxy = 728093E12628B3EF00B6AE73 /* PBXContainerItemProxy */;
		};
		728093ED2628B3EF00B6AE73 /* PBXTargetDependency */ = {
			isa = PBXTargetDependency;
			target = 728093C92628B3E900B6AE73 /* Program4 */;
			targetProxy = 728093EC2628B3EF00B6AE73 /* PBXContainerItemProxy */;
		};
/* End PBXTargetDependency section */

/* Begin PBXVariantGroup section */
		728093D32628B3E900B6AE73 /* Main.storyboard */ = {
			isa = PBXVariantGroup;
			children = (
				728093D42628B3E900B6AE73 /* Base */,
			);
			name = Main.storyboard;
			sourceTree = "<group>";
		};
		728093D82628B3EE00B6AE73 /* LaunchScreen.storyboard */ = {
			isa = PBXVariantGroup;
			children = (
				728093D92628B3EE00B6AE73 /* Base */,
			);
			name = LaunchScreen.storyboard;
			sourceTree = "<group>";
		};
/* End PBXVariantGroup section */

/* Begin XCBuildConfiguration section */
		728093F22628B3EF00B6AE73 /* Debug */ = {
			isa = XCBuildConfiguration;
			buildSettings = {
				ALWAYS_SEARCH_USER_PATHS = NO;
				CLANG_ANALYZER_NONNULL = YES;
				CLANG_ANALYZER_NUMBER_OBJECT_CONVERSION = YES_AGGRESSIVE;
				CLANG_CXX_LANGUAGE_STANDARD = "gnu++14";
				CLANG_CXX_LIBRARY = "libc++";
				CLANG_ENABLE_MODULES = YES;
				CLANG_ENABLE_OBJC_ARC = YES;
				CLANG_ENABLE_OBJC_WEAK = YES;
				CLANG_WARN_BLOCK_CAPTURE_AUTORELEASING = YES;
				CLANG_WARN_BOOL_CONVERSION = YES;
				CLANG_WARN_COMMA = YES;
				CLANG_WARN_CONSTANT_CONVERSION = YES;
				CLANG_WARN_DEPRECATED_OBJC_IMPLEMENTATIONS = YES;
				CLANG_WARN_DIRECT_OBJC_ISA_USAGE = YES_ERROR;
				CLANG_WARN_DOCUMENTATION_COMMENTS = YES;
				CLANG_WARN_EMPTY_BODY = YES;
				CLANG_WARN_ENUM_CONVERSION = YES;
				CLANG_WARN_INFINITE_RECURSION = YES;
				CLANG_WARN_INT_CONVERSION = YES;
				CLANG_WARN_NON_LITERAL_NULL_CONVERSION = YES;
				CLANG_WARN_OBJC_IMPLICIT_RETAIN_SELF = YES;
				CLANG_WARN_OBJC_LITERAL_CONVERSION = YES;
				CLANG_WARN_OBJC_ROOT_CLASS = YES_ERROR;
				CLANG_WARN_QUOTED_INCLUDE_IN_FRAMEWORK_HEADER = YES;
				CLANG_WARN_RANGE_LOOP_ANALYSIS = YES;
				CLANG_WARN_STRICT_PROTOTYPES = YES;
				CLANG_WARN_SUSPICIOUS_MOVE = YES;
				CLANG_WARN_UNGUARDED_AVAILABILITY = YES_AGGRESSIVE;
				CLANG_WARN_UNREACHABLE_CODE = YES;
				CLANG_WARN__DUPLICATE_METHOD_MATCH = YES;
				COPY_PHASE_STRIP = NO;
				DEBUG_INFORMATION_FORMAT = dwarf;
				ENABLE_STRICT_OBJC_MSGSEND = YES;
				ENABLE_TESTABILITY = YES;
				GCC_C_LANGUAGE_STANDARD = gnu11;
				GCC_DYNAMIC_NO_PIC = NO;
				GCC_NO_COMMON_BLOCKS = YES;
				GCC_OPTIMIZATION_LEVEL = 0;
				GCC_PREPROCESSOR_DEFINITIONS = (
					"DEBUG=1",
					"$(inherited)",
				);
				GCC_WARN_64_TO_32_BIT_CONVERSION = YES;
				GCC_WARN_ABOUT_RETURN_TYPE = YES_ERROR;
				GCC_WARN_UNDECLARED_SELECTOR = YES;
				GCC_WARN_UNINITIALIZED_AUTOS = YES_AGGRESSIVE;
				GCC_WARN_UNUSED_FUNCTION = YES;
				GCC_WARN_UNUSED_VARIABLE = YES;
				IPHONEOS_DEPLOYMENT_TARGET = 14.4;
				MTL_ENABLE_DEBUG_INFO = INCLUDE_SOURCE;
				MTL_FAST_MATH = YES;
				ONLY_ACTIVE_ARCH = YES;
				SDKROOT = iphoneos;
				SWIFT_ACTIVE_COMPILATION_CONDITIONS = DEBUG;
				SWIFT_OPTIMIZATION_LEVEL = "-Onone";
			};
			name = Debug;
		};
		728093F32628B3EF00B6AE73 /* Release */ = {
			isa = XCBuildConfiguration;
			buildSettings = {
				ALWAYS_SEARCH_USER_PATHS = NO;
				CLANG_ANALYZER_NONNULL = YES;
				CLANG_ANALYZER_NUMBER_OBJECT_CONVERSION = YES_AGGRESSIVE;
				CLANG_CXX_LANGUAGE_STANDARD = "gnu++14";
				CLANG_CXX_LIBRARY = "libc++";
				CLANG_ENABLE_MODULES = YES;
				CLANG_ENABLE_OBJC_ARC = YES;
				CLANG_ENABLE_OBJC_WEAK = YES;
				CLANG_WARN_BLOCK_CAPTURE_AUTORELEASING = YES;
				CLANG_WARN_BOOL_CONVERSION = YES;
				CLANG_WARN_COMMA = YES;
				CLANG_WARN_CONSTANT_CONVERSION = YES;
				CLANG_WARN_DEPRECATED_OBJC_IMPLEMENTATIONS = YES;
				CLANG_WARN_DIRECT_OBJC_ISA_USAGE = YES_ERROR;
				CLANG_WARN_DOCUMENTATION_COMMENTS = YES;
				CLANG_WARN_EMPTY_BODY = YES;
				CLANG_WARN_ENUM_CONVERSION = YES;
				CLANG_WARN_INFINITE_RECURSION = YES;
				CLANG_WARN_INT_CONVERSION = YES;
				CLANG_WARN_NON_LITERAL_NULL_CONVERSION = YES;
				CLANG_WARN_OBJC_IMPLICIT_RETAIN_SELF = YES;
				CLANG_WARN_OBJC_LITERAL_CONVERSION = YES;
				CLANG_WARN_OBJC_ROOT_CLASS = YES_ERROR;
				CLANG_WARN_QUOTED_INCLUDE_IN_FRAMEWORK_HEADER = YES;
				CLANG_WARN_RANGE_LOOP_ANALYSIS = YES;
				CLANG_WARN_STRICT_PROTOTYPES = YES;
				CLANG_WARN_SUSPICIOUS_MOVE = YES;
				CLANG_WARN_UNGUARDED_AVAILABILITY = YES_AGGRESSIVE;
				CLANG_WARN_UNREACHABLE_CODE = YES;
				CLANG_WARN__DUPLICATE_METHOD_MATCH = YES;
				COPY_PHASE_STRIP = NO;
				DEBUG_INFORMATION_FORMAT = "dwarf-with-dsym";
				ENABLE_NS_ASSERTIONS = NO;
				ENABLE_STRICT_OBJC_MSGSEND = YES;
				GCC_C_LANGUAGE_STANDARD = gnu11;
				GCC_NO_COMMON_BLOCKS = YES;
				GCC_WARN_64_TO_32_BIT_CONVERSION = YES;
				GCC_WARN_ABOUT_RETURN_TYPE = YES_ERROR;
				GCC_WARN_UNDECLARED_SELECTOR = YES;
				GCC_WARN_UNINITIALIZED_AUTOS = YES_AGGRESSIVE;
				GCC_WARN_UNUSED_FUNCTION = YES;
				GCC_WARN_UNUSED_VARIABLE = YES;
				IPHONEOS_DEPLOYMENT_TARGET = 14.4;
				MTL_ENABLE_DEBUG_INFO = NO;
				MTL_FAST_MATH = YES;
				SDKROOT = iphoneos;
				SWIFT_COMPILATION_MODE = wholemodule;
				SWIFT_OPTIMIZATION_LEVEL = "-O";
				VALIDATE_PRODUCT = YES;
			};
			name = Release;
		};
		728093F52628B3EF00B6AE73 /* Debug */ = {
			isa = XCBuildConfiguration;
			buildSettings = {
				ASSETCATALOG_COMPILER_APPICON_NAME = AppIcon;
				ASSETCATALOG_COMPILER_GLOBAL_ACCENT_COLOR_NAME = AccentColor;
				CODE_SIGN_STYLE = Automatic;
				INFOPLIST_FILE = Program4/Info.plist;
				LD_RUNPATH_SEARCH_PATHS = (
					"$(inherited)",
					"@executable_path/Frameworks",
				);
				PRODUCT_BUNDLE_IDENTIFIER = Tyler.Program4;
				PRODUCT_NAME = "$(TARGET_NAME)";
				SWIFT_VERSION = 5.0;
				TARGETED_DEVICE_FAMILY = "1,2";
			};
			name = Debug;
		};
		728093F62628B3EF00B6AE73 /* Release */ = {
			isa = XCBuildConfiguration;
			buildSettings = {
				ASSETCATALOG_COMPILER_APPICON_NAME = AppIcon;
				ASSETCATALOG_COMPILER_GLOBAL_ACCENT_COLOR_NAME = AccentColor;
				CODE_SIGN_STYLE = Automatic;
				INFOPLIST_FILE = Program4/Info.plist;
				LD_RUNPATH_SEARCH_PATHS = (
					"$(inherited)",
					"@executable_path/Frameworks",
				);
				PRODUCT_BUNDLE_IDENTIFIER = Tyler.Program4;
				PRODUCT_NAME = "$(TARGET_NAME)";
				SWIFT_VERSION = 5.0;
				TARGETED_DEVICE_FAMILY = "1,2";
			};
			name = Release;
		};
		728093F82628B3EF00B6AE73 /* Debug */ = {
			isa = XCBuildConfiguration;
			buildSettings = {
				ALWAYS_EMBED_SWIFT_STANDARD_LIBRARIES = YES;
				BUNDLE_LOADER = "$(TEST_HOST)";
				CODE_SIGN_STYLE = Automatic;
				INFOPLIST_FILE = Program4Tests/Info.plist;
				IPHONEOS_DEPLOYMENT_TARGET = 14.4;
				LD_RUNPATH_SEARCH_PATHS = (
					"$(inherited)",
					"@executable_path/Frameworks",
					"@loader_path/Frameworks",
				);
				PRODUCT_BUNDLE_IDENTIFIER = Tyler.Program4Tests;
				PRODUCT_NAME = "$(TARGET_NAME)";
				SWIFT_VERSION = 5.0;
				TARGETED_DEVICE_FAMILY = "1,2";
				TEST_HOST = "$(BUILT_PRODUCTS_DIR)/Program4.app/Program4";
			};
			name = Debug;
		};
		728093F92628B3EF00B6AE73 /* Release */ = {
			isa = XCBuildConfiguration;
			buildSettings = {
				ALWAYS_EMBED_SWIFT_STANDARD_LIBRARIES = YES;
				BUNDLE_LOADER = "$(TEST_HOST)";
				CODE_SIGN_STYLE = Automatic;
				INFOPLIST_FILE = Program4Tests/Info.plist;
				IPHONEOS_DEPLOYMENT_TARGET = 14.4;
				LD_RUNPATH_SEARCH_PATHS = (
					"$(inherited)",
					"@executable_path/Frameworks",
					"@loader_path/Frameworks",
				);
				PRODUCT_BUNDLE_IDENTIFIER = Tyler.Program4Tests;
				PRODUCT_NAME = "$(TARGET_NAME)";
				SWIFT_VERSION = 5.0;
				TARGETED_DEVICE_FAMILY = "1,2";
				TEST_HOST = "$(BUILT_PRODUCTS_DIR)/Program4.app/Program4";
			};
			name = Release;
		};
		728093FB2628B3EF00B6AE73 /* Debug */ = {
			isa = XCBuildConfiguration;
			buildSettings = {
				ALWAYS_EMBED_SWIFT_STANDARD_LIBRARIES = YES;
				CODE_SIGN_STYLE = Automatic;
				INFOPLIST_FILE = Program4UITests/Info.plist;
				LD_RUNPATH_SEARCH_PATHS = (
					"$(inherited)",
					"@executable_path/Frameworks",
					"@loader_path/Frameworks",
				);
				PRODUCT_BUNDLE_IDENTIFIER = Tyler.Program4UITests;
				PRODUCT_NAME = "$(TARGET_NAME)";
				SWIFT_VERSION = 5.0;
				TARGETED_DEVICE_FAMILY = "1,2";
				TEST_TARGET_NAME = Program4;
			};
			name = Debug;
		};
		728093FC2628B3EF00B6AE73 /* Release */ = {
			isa = XCBuildConfiguration;
			buildSettings = {
				ALWAYS_EMBED_SWIFT_STANDARD_LIBRARIES = YES;
				CODE_SIGN_STYLE = Automatic;
				INFOPLIST_FILE = Program4UITests/Info.plist;
				LD_RUNPATH_SEARCH_PATHS = (
					"$(inherited)",
					"@executable_path/Frameworks",
					"@loader_path/Frameworks",
				);
				PRODUCT_BUNDLE_IDENTIFIER = Tyler.Program4UITests;
				PRODUCT_NAME = "$(TARGET_NAME)";
				SWIFT_VERSION = 5.0;
				TARGETED_DEVICE_FAMILY = "1,2";
				TEST_TARGET_NAME = Program4;
			};
			name = Release;
		};
/* End XCBuildConfiguration section */

/* Begin XCConfigurationList section */
		728093C52628B3E900B6AE73 /* Build configuration list for PBXProject "Program4" */ = {
			isa = XCConfigurationList;
			buildConfigurations = (
				728093F22628B3EF00B6AE73 /* Debug */,
				728093F32628B3EF00B6AE73 /* Release */,
			);
			defaultConfigurationIsVisible = 0;
			defaultConfigurationName = Release;
		};
		728093F42628B3EF00B6AE73 /* Build configuration list for PBXNativeTarget "Program4" */ = {
			isa = XCConfigurationList;
			buildConfigurations = (
				728093F52628B3EF00B6AE73 /* Debug */,
				728093F62628B3EF00B6AE73 /* Release */,
			);
			defaultConfigurationIsVisible = 0;
			defaultConfigurationName = Release;
		};
		728093F72628B3EF00B6AE73 /* Build configuration list for PBXNativeTarget "Program4Tests" */ = {
			isa = XCConfigurationList;
			buildConfigurations = (
				728093F82628B3EF00B6AE73 /* Debug */,
				728093F92628B3EF00B6AE73 /* Release */,
			);
			defaultConfigurationIsVisible = 0;
			defaultConfigurationName = Release;
		};
		728093FA2628B3EF00B6AE73 /* Build configuration list for PBXNativeTarget "Program4UITests" */ = {
			isa = XCConfigurationList;
			buildConfigurations = (
				728093FB2628B3EF00B6AE73 /* Debug */,
				728093FC2628B3EF00B6AE73 /* Release */,
			);
			defaultConfigurationIsVisible = 0;
			defaultConfigurationName = Release;
		};
/* End XCConfigurationList section */
	};
	rootObject = 728093C22628B3E900B6AE73 /* Project object */;
}
